
Microsoft Visual Studio Solution File, Format Version 12.00
# Visual Studio Version 16
VisualStudioVersion = 16.0.30225.117
MinimumVisualStudioVersion = 10.0.40219.1
Project("{9A19103F-16F7-4668-BE54-9A1E7A4F7556}") = "ProcessPayment", "ProcessPayment\ProcessPayment.csproj", "{A5807695-6E55-4FC6-AA9F-4D267CF62428}"
EndProject
Global
	GlobalSection(SolutionConfigurationPlatforms) = preSolution
		Debug|Any CPU = Debug|Any CPU
		Release|Any CPU = Release|Any CPU
	EndGlobalSection
	GlobalSection(ProjectConfigurationPlatforms) = postSolution
		{A5807695-6E55-4FC6-AA9F-4D267CF62428}.Debug|Any CPU.ActiveCfg = Debug|Any CPU
		{A5807695-6E55-4FC6-AA9F-4D267CF62428}.Debug|Any CPU.Build.0 = Debug|Any CPU
		{A5807695-6E55-4FC6-AA9F-4D267CF62428}.Release|Any CPU.ActiveCfg = Release|Any CPU
		{A5807695-6E55-4FC6-AA9F-4D267CF62428}.Release|Any CPU.Build.0 = Release|Any CPU
	EndGlobalSection
	GlobalSection(SolutionProperties) = preSolution
		HideSolutionNode = FALSE
	EndGlobalSection
	GlobalSection(ExtensibilityGlobals) = postSolution
		SolutionGuid = {25FAF399-EEF5-4B1E-B7C7-539B490F53EA}
	EndGlobalSection
EndGlobal
